
Microsoft Visual Studio Solution File, Format Version 12.00
Project("{FAE04EC0-301F-11D3-BF4B-00C04F79EFBC}") = "AspNetCore.Consul", "src\AspNetCore.Consul\AspNetCore.Consul.csproj", "{1AA5617D-A1DB-4201-9B9F-A9E3313F8090}"
EndProject
Global
	GlobalSection(SolutionConfigurationPlatforms) = preSolution
		Debug|Any CPU = Debug|Any CPU
		Release|Any CPU = Release|Any CPU
	EndGlobalSection
	GlobalSection(ProjectConfigurationPlatforms) = postSolution
		{1AA5617D-A1DB-4201-9B9F-A9E3313F8090}.Debug|Any CPU.ActiveCfg = Debug|Any CPU
		{1AA5617D-A1DB-4201-9B9F-A9E3313F8090}.Debug|Any CPU.Build.0 = Debug|Any CPU
		{1AA5617D-A1DB-4201-9B9F-A9E3313F8090}.Release|Any CPU.ActiveCfg = Release|Any CPU
		{1AA5617D-A1DB-4201-9B9F-A9E3313F8090}.Release|Any CPU.Build.0 = Release|Any CPU
	EndGlobalSection
EndGlobal
